
Microsoft Visual Studio Solution File, Format Version 12.00
# Visual Studio Version 17
VisualStudioVersion = 17.12.35707.178 d17.12
MinimumVisualStudioVersion = 10.0.40219.1
Project("{FAE04EC0-301F-11D3-BF4B-00C04F79EFBC}") = "Propagator.Web", "Propagator.Web\Propagator.Web.csproj", "{5112CE3A-258B-46FA-9475-524D8A1FA13F}"
EndProject
Project("{FAE04EC0-301F-11D3-BF4B-00C04F79EFBC}") = "Propagator.Application", "Propagator.Application\Propagator.Application.csproj", "{EBC34716-F6B8-45DD-9A50-830C69565928}"
EndProject
Project("{FAE04EC0-301F-11D3-BF4B-00C04F79EFBC}") = "Propagator.Infrastucture", "Propagator.Infrastucture\Propagator.Infrastucture.csproj", "{771193E4-5174-4B94-9E2F-519763A1ED11}"
EndProject
Global
	GlobalSection(SolutionConfigurationPlatforms) = preSolution
		Debug|Any CPU = Debug|Any CPU
		Release|Any CPU = Release|Any CPU
	EndGlobalSection
	GlobalSection(ProjectConfigurationPlatforms) = postSolution
		{5112CE3A-258B-46FA-9475-524D8A1FA13F}.Debug|Any CPU.ActiveCfg = Debug|Any CPU
		{5112CE3A-258B-46FA-9475-524D8A1FA13F}.Debug|Any CPU.Build.0 = Debug|Any CPU
		{5112CE3A-258B-46FA-9475-524D8A1FA13F}.Release|Any CPU.ActiveCfg = Release|Any CPU
		{5112CE3A-258B-46FA-9475-524D8A1FA13F}.Release|Any CPU.Build.0 = Release|Any CPU
		{EBC34716-F6B8-45DD-9A50-830C69565928}.Debug|Any CPU.ActiveCfg = Debug|Any CPU
		{EBC34716-F6B8-45DD-9A50-830C69565928}.Debug|Any CPU.Build.0 = Debug|Any CPU
		{EBC34716-F6B8-45DD-9A50-830C69565928}.Release|Any CPU.ActiveCfg = Release|Any CPU
		{EBC34716-F6B8-45DD-9A50-830C69565928}.Release|Any CPU.Build.0 = Release|Any CPU
		{771193E4-5174-4B94-9E2F-519763A1ED11}.Debug|Any CPU.ActiveCfg = Debug|Any CPU
		{771193E4-5174-4B94-9E2F-519763A1ED11}.Debug|Any CPU.Build.0 = Debug|Any CPU
		{771193E4-5174-4B94-9E2F-519763A1ED11}.Release|Any CPU.ActiveCfg = Release|Any CPU
		{771193E4-5174-4B94-9E2F-519763A1ED11}.Release|Any CPU.Build.0 = Release|Any CPU
	EndGlobalSection
	GlobalSection(SolutionProperties) = preSolution
		HideSolutionNode = FALSE
	EndGlobalSection
EndGlobal
